
Microsoft Visual Studio Solution File, Format Version 12.00
# Visual Studio Version 17
VisualStudioVersion = 17.0.32112.339
MinimumVisualStudioVersion = 10.0.40219.1
Project("{2150E333-8FDC-42A3-9474-1A3956D46DE8}") = "Presentation", "Presentation", "{266DD30C-41AB-4C4B-A40B-0275D71FF155}"
EndProject
Project("{2150E333-8FDC-42A3-9474-1A3956D46DE8}") = "Core", "Core", "{3B6D06A6-01E5-4511-9209-6C60AA75691B}"
EndProject
Project("{9A19103F-16F7-4668-BE54-9A1E7A4F7556}") = "Infrastructure", "Infrastructure\Infrastructure.csproj", "{3DB811A7-44CC-4B49-A5BE-475DAC49F63B}"
EndProject
Project("{9A19103F-16F7-4668-BE54-9A1E7A4F7556}") = "Domain", "Domain\Domain.csproj", "{62AD12D8-5B04-4474-BCCF-4E8B13773B6F}"
EndProject
Project("{9A19103F-16F7-4668-BE54-9A1E7A4F7556}") = "Application", "Application\Application.csproj", "{7B81836B-CC54-4654-A001-2089F5719F03}"
EndProject
Project("{9A19103F-16F7-4668-BE54-9A1E7A4F7556}") = "Api", "Api\Api.csproj", "{623A95F4-A84E-4992-B841-FA130B943BAE}"
EndProject
Project("{FAE04EC0-301F-11D3-BF4B-00C04F79EFBC}") = "Shared", "Shared\Shared.csproj", "{FF8D48B4-3D0C-4E5F-9D3E-ACCE24DF8E0F}"
EndProject
Global
	GlobalSection(SolutionConfigurationPlatforms) = preSolution
		Debug|Any CPU = Debug|Any CPU
		Release|Any CPU = Release|Any CPU
	EndGlobalSection
	GlobalSection(ProjectConfigurationPlatforms) = postSolution
		{3DB811A7-44CC-4B49-A5BE-475DAC49F63B}.Debug|Any CPU.ActiveCfg = Debug|Any CPU
		{3DB811A7-44CC-4B49-A5BE-475DAC49F63B}.Debug|Any CPU.Build.0 = Debug|Any CPU
		{3DB811A7-44CC-4B49-A5BE-475DAC49F63B}.Release|Any CPU.ActiveCfg = Release|Any CPU
		{3DB811A7-44CC-4B49-A5BE-475DAC49F63B}.Release|Any CPU.Build.0 = Release|Any CPU
		{62AD12D8-5B04-4474-BCCF-4E8B13773B6F}.Debug|Any CPU.ActiveCfg = Debug|Any CPU
		{62AD12D8-5B04-4474-BCCF-4E8B13773B6F}.Debug|Any CPU.Build.0 = Debug|Any CPU
		{62AD12D8-5B04-4474-BCCF-4E8B13773B6F}.Release|Any CPU.ActiveCfg = Release|Any CPU
		{62AD12D8-5B04-4474-BCCF-4E8B13773B6F}.Release|Any CPU.Build.0 = Release|Any CPU
		{7B81836B-CC54-4654-A001-2089F5719F03}.Debug|Any CPU.ActiveCfg = Debug|Any CPU
		{7B81836B-CC54-4654-A001-2089F5719F03}.Debug|Any CPU.Build.0 = Debug|Any CPU
		{7B81836B-CC54-4654-A001-2089F5719F03}.Release|Any CPU.ActiveCfg = Release|Any CPU
		{7B81836B-CC54-4654-A001-2089F5719F03}.Release|Any CPU.Build.0 = Release|Any CPU
		{623A95F4-A84E-4992-B841-FA130B943BAE}.Debug|Any CPU.ActiveCfg = Debug|Any CPU
		{623A95F4-A84E-4992-B841-FA130B943BAE}.Debug|Any CPU.Build.0 = Debug|Any CPU
		{623A95F4-A84E-4992-B841-FA130B943BAE}.Release|Any CPU.ActiveCfg = Release|Any CPU
		{623A95F4-A84E-4992-B841-FA130B943BAE}.Release|Any CPU.Build.0 = Release|Any CPU
		{FF8D48B4-3D0C-4E5F-9D3E-ACCE24DF8E0F}.Debug|Any CPU.ActiveCfg = Debug|Any CPU
		{FF8D48B4-3D0C-4E5F-9D3E-ACCE24DF8E0F}.Debug|Any CPU.Build.0 = Debug|Any CPU
		{FF8D48B4-3D0C-4E5F-9D3E-ACCE24DF8E0F}.Release|Any CPU.ActiveCfg = Release|Any CPU
		{FF8D48B4-3D0C-4E5F-9D3E-ACCE24DF8E0F}.Release|Any CPU.Build.0 = Release|Any CPU
	EndGlobalSection
	GlobalSection(SolutionProperties) = preSolution
		HideSolutionNode = FALSE
	EndGlobalSection
	GlobalSection(NestedProjects) = preSolution
		{3DB811A7-44CC-4B49-A5BE-475DAC49F63B} = {3B6D06A6-01E5-4511-9209-6C60AA75691B}
		{62AD12D8-5B04-4474-BCCF-4E8B13773B6F} = {3B6D06A6-01E5-4511-9209-6C60AA75691B}
		{7B81836B-CC54-4654-A001-2089F5719F03} = {3B6D06A6-01E5-4511-9209-6C60AA75691B}
		{623A95F4-A84E-4992-B841-FA130B943BAE} = {266DD30C-41AB-4C4B-A40B-0275D71FF155}
		{FF8D48B4-3D0C-4E5F-9D3E-ACCE24DF8E0F} = {3B6D06A6-01E5-4511-9209-6C60AA75691B}
	EndGlobalSection
	GlobalSection(ExtensibilityGlobals) = postSolution
		SolutionGuid = {4EECF199-577F-4BA5-BB93-8552DDBA90C4}
	EndGlobalSection
EndGlobal
